
Microsoft Visual Studio Solution File, Format Version 12.00
# Visual Studio 2013
VisualStudioVersion = 12.0.30501.0
MinimumVisualStudioVersion = 10.0.40219.1
Project("{FAE04EC0-301F-11D3-BF4B-00C04F79EFBC}") = "Battleship1p", "Battleship1p\Battleship1p.csproj", "{D77DB2BF-20DE-4523-A853-0E8D06FC31D7}"
EndProject
Project("{FAE04EC0-301F-11D3-BF4B-00C04F79EFBC}") = "Click-o-Mania", "Click-o-Mania\Click-o-Mania.csproj", "{FF7FD8C8-02E1-4A65-BB44-2B3CCFED0848}"
EndProject
Project("{2150E333-8FDC-42A3-9474-1A3956D46DE8}") = "Artificial Intelligence", "Artificial Intelligence", "{2C32E9E0-38F6-423C-AF85-1E2924E2C807}"
EndProject
Project("{2150E333-8FDC-42A3-9474-1A3956D46DE8}") = "Bot Building", "Bot Building", "{2A47625C-61FC-4581-A42A-E943E531909F}"
EndProject
Project("{FAE04EC0-301F-11D3-BF4B-00C04F79EFBC}") = "BotCleanPartiallyObservable", "BotCleanPartiallyObservable\BotCleanPartiallyObservable.csproj", "{A89A9ABC-8D4C-4909-A6BB-0080BCB64F40}"
EndProject
Project("{FAE04EC0-301F-11D3-BF4B-00C04F79EFBC}") = "BotCleanLarge", "BotCleanLarge\BotCleanLarge.csproj", "{5C096F4C-4948-4288-ACCD-9BAD841216EA}"
EndProject
Project("{2150E333-8FDC-42A3-9474-1A3956D46DE8}") = "Algorithms", "Algorithms", "{26FE4AF7-75CF-4A74-9EB2-70AA6BE46D6B}"
EndProject
Project("{2150E333-8FDC-42A3-9474-1A3956D46DE8}") = "Statistics and Machine Learning", "Statistics and Machine Learning", "{6FDDE66F-FAF5-449C-B3E0-E0865EE7ECC7}"
EndProject
Project("{2150E333-8FDC-42A3-9474-1A3956D46DE8}") = "Miscellaneous", "Miscellaneous", "{9D956714-C59A-422F-9C88-4FA79C86E92B}"
EndProject
Project("{FAE04EC0-301F-11D3-BF4B-00C04F79EFBC}") = "Battleship", "Battleship\Battleship.csproj", "{F34B7F9A-4E32-4ED7-9480-0BC4930AAE51}"
EndProject
Project("{2150E333-8FDC-42A3-9474-1A3956D46DE8}") = "Contests", "Contests", "{40B3EDCA-FDA8-4C5E-8C94-2AA5C14CD5FC}"
EndProject
Project("{FAE04EC0-301F-11D3-BF4B-00C04F79EFBC}") = "2048", "2048\2048.csproj", "{881E725C-36ED-4C3B-B4C7-B6C12D1381B3}"
EndProject
Project("{FAE04EC0-301F-11D3-BF4B-00C04F79EFBC}") = "2048.Test", "2048.Test\2048.Test.csproj", "{EAEC297C-BACD-4BA7-84A0-0882BA87918D}"
EndProject
Project("{FAE04EC0-301F-11D3-BF4B-00C04F79EFBC}") = "2048.Play", "2048.Play\2048.Play.csproj", "{6A7EA62F-776C-40EF-85FC-FEA5393CFE4A}"
EndProject
Project("{2150E333-8FDC-42A3-9474-1A3956D46DE8}") = "2048 Contest", "2048 Contest", "{AF8F2CD0-482E-439E-BA26-16B05875C5EB}"
EndProject
Project("{2150E333-8FDC-42A3-9474-1A3956D46DE8}") = "Quarto Contest", "Quarto Contest", "{2F6F0C59-67A4-41B6-9E5B-0FBA4E0F6C28}"
EndProject
Project("{FAE04EC0-301F-11D3-BF4B-00C04F79EFBC}") = "Quarto", "Quarto\Quarto.csproj", "{A915C0E6-2A34-473C-A0E9-81362DEAE09E}"
EndProject
Project("{FAE04EC0-301F-11D3-BF4B-00C04F79EFBC}") = "MazeEscape", "MazeEscape\MazeEscape.csproj", "{72B7B958-B205-4871-B942-A114D69F0F0A}"
EndProject
Project("{2150E333-8FDC-42A3-9474-1A3956D46DE8}") = "Search", "Search", "{6C69C246-209D-4CF6-BF57-0095AF5A56AB}"
EndProject
Project("{FAE04EC0-301F-11D3-BF4B-00C04F79EFBC}") = "PacmanDFS", "PacmanDFS\PacmanDFS.csproj", "{14B98C15-B7AD-42CB-9933-B24A0DF12DFF}"
EndProject
Project("{FAE04EC0-301F-11D3-BF4B-00C04F79EFBC}") = "HackerRank.Utility", "HackerRank.Utility\HackerRank.Utility.csproj", "{54C92596-B9B6-414A-BBFA-440913710BB4}"
EndProject
Project("{FAE04EC0-301F-11D3-BF4B-00C04F79EFBC}") = "PacmanBFS", "PacmanBFS\PacmanBFS.csproj", "{E8A9A7BA-8FA8-4C29-869E-A707C708E480}"
EndProject
Project("{FAE04EC0-301F-11D3-BF4B-00C04F79EFBC}") = "PacmanAstar", "PacmanAstar\PacmanAstar.csproj", "{7087F5F2-5BE1-44D1-B2C5-759A1D4C13E6}"
EndProject
Project("{FAE04EC0-301F-11D3-BF4B-00C04F79EFBC}") = "PacmanUCS", "PacmanUCS\PacmanUCS.csproj", "{76FDAF25-6775-4B73-8518-36B5CD97AA36}"
EndProject
Project("{FAE04EC0-301F-11D3-BF4B-00C04F79EFBC}") = "NPuzzle", "NPuzzle\NPuzzle.csproj", "{7EF17224-DC9B-474D-B52F-41DD727B7912}"
EndProject
Project("{FAE04EC0-301F-11D3-BF4B-00C04F79EFBC}") = "CharlieHousingPrices", "CharlieHousingPrices\CharlieHousingPrices.csproj", "{EA310B12-9204-483F-905E-74B5DE277D1E}"
EndProject
Global
	GlobalSection(SolutionConfigurationPlatforms) = preSolution
		Debug|Any CPU = Debug|Any CPU
		Release|Any CPU = Release|Any CPU
	EndGlobalSection
	GlobalSection(ProjectConfigurationPlatforms) = postSolution
		{D77DB2BF-20DE-4523-A853-0E8D06FC31D7}.Debug|Any CPU.ActiveCfg = Debug|Any CPU
		{D77DB2BF-20DE-4523-A853-0E8D06FC31D7}.Debug|Any CPU.Build.0 = Debug|Any CPU
		{D77DB2BF-20DE-4523-A853-0E8D06FC31D7}.Release|Any CPU.ActiveCfg = Release|Any CPU
		{D77DB2BF-20DE-4523-A853-0E8D06FC31D7}.Release|Any CPU.Build.0 = Release|Any CPU
		{FF7FD8C8-02E1-4A65-BB44-2B3CCFED0848}.Debug|Any CPU.ActiveCfg = Debug|Any CPU
		{FF7FD8C8-02E1-4A65-BB44-2B3CCFED0848}.Debug|Any CPU.Build.0 = Debug|Any CPU
		{FF7FD8C8-02E1-4A65-BB44-2B3CCFED0848}.Release|Any CPU.ActiveCfg = Release|Any CPU
		{FF7FD8C8-02E1-4A65-BB44-2B3CCFED0848}.Release|Any CPU.Build.0 = Release|Any CPU
		{A89A9ABC-8D4C-4909-A6BB-0080BCB64F40}.Debug|Any CPU.ActiveCfg = Debug|Any CPU
		{A89A9ABC-8D4C-4909-A6BB-0080BCB64F40}.Debug|Any CPU.Build.0 = Debug|Any CPU
		{A89A9ABC-8D4C-4909-A6BB-0080BCB64F40}.Release|Any CPU.ActiveCfg = Release|Any CPU
		{A89A9ABC-8D4C-4909-A6BB-0080BCB64F40}.Release|Any CPU.Build.0 = Release|Any CPU
		{5C096F4C-4948-4288-ACCD-9BAD841216EA}.Debug|Any CPU.ActiveCfg = Debug|Any CPU
		{5C096F4C-4948-4288-ACCD-9BAD841216EA}.Debug|Any CPU.Build.0 = Debug|Any CPU
		{5C096F4C-4948-4288-ACCD-9BAD841216EA}.Release|Any CPU.ActiveCfg = Release|Any CPU
		{5C096F4C-4948-4288-ACCD-9BAD841216EA}.Release|Any CPU.Build.0 = Release|Any CPU
		{F34B7F9A-4E32-4ED7-9480-0BC4930AAE51}.Debug|Any CPU.ActiveCfg = Debug|Any CPU
		{F34B7F9A-4E32-4ED7-9480-0BC4930AAE51}.Debug|Any CPU.Build.0 = Debug|Any CPU
		{F34B7F9A-4E32-4ED7-9480-0BC4930AAE51}.Release|Any CPU.ActiveCfg = Release|Any CPU
		{F34B7F9A-4E32-4ED7-9480-0BC4930AAE51}.Release|Any CPU.Build.0 = Release|Any CPU
		{881E725C-36ED-4C3B-B4C7-B6C12D1381B3}.Debug|Any CPU.ActiveCfg = Debug|Any CPU
		{881E725C-36ED-4C3B-B4C7-B6C12D1381B3}.Debug|Any CPU.Build.0 = Debug|Any CPU
		{881E725C-36ED-4C3B-B4C7-B6C12D1381B3}.Release|Any CPU.ActiveCfg = Release|Any CPU
		{881E725C-36ED-4C3B-B4C7-B6C12D1381B3}.Release|Any CPU.Build.0 = Release|Any CPU
		{EAEC297C-BACD-4BA7-84A0-0882BA87918D}.Debug|Any CPU.ActiveCfg = Debug|Any CPU
		{EAEC297C-BACD-4BA7-84A0-0882BA87918D}.Debug|Any CPU.Build.0 = Debug|Any CPU
		{EAEC297C-BACD-4BA7-84A0-0882BA87918D}.Release|Any CPU.ActiveCfg = Release|Any CPU
		{EAEC297C-BACD-4BA7-84A0-0882BA87918D}.Release|Any CPU.Build.0 = Release|Any CPU
		{6A7EA62F-776C-40EF-85FC-FEA5393CFE4A}.Debug|Any CPU.ActiveCfg = Debug|Any CPU
		{6A7EA62F-776C-40EF-85FC-FEA5393CFE4A}.Debug|Any CPU.Build.0 = Debug|Any CPU
		{6A7EA62F-776C-40EF-85FC-FEA5393CFE4A}.Release|Any CPU.ActiveCfg = Release|Any CPU
		{6A7EA62F-776C-40EF-85FC-FEA5393CFE4A}.Release|Any CPU.Build.0 = Release|Any CPU
		{A915C0E6-2A34-473C-A0E9-81362DEAE09E}.Debug|Any CPU.ActiveCfg = Debug|Any CPU
		{A915C0E6-2A34-473C-A0E9-81362DEAE09E}.Debug|Any CPU.Build.0 = Debug|Any CPU
		{A915C0E6-2A34-473C-A0E9-81362DEAE09E}.Release|Any CPU.ActiveCfg = Release|Any CPU
		{A915C0E6-2A34-473C-A0E9-81362DEAE09E}.Release|Any CPU.Build.0 = Release|Any CPU
		{72B7B958-B205-4871-B942-A114D69F0F0A}.Debug|Any CPU.ActiveCfg = Debug|Any CPU
		{72B7B958-B205-4871-B942-A114D69F0F0A}.Debug|Any CPU.Build.0 = Debug|Any CPU
		{72B7B958-B205-4871-B942-A114D69F0F0A}.Release|Any CPU.ActiveCfg = Release|Any CPU
		{72B7B958-B205-4871-B942-A114D69F0F0A}.Release|Any CPU.Build.0 = Release|Any CPU
		{14B98C15-B7AD-42CB-9933-B24A0DF12DFF}.Debug|Any CPU.ActiveCfg = Debug|Any CPU
		{14B98C15-B7AD-42CB-9933-B24A0DF12DFF}.Debug|Any CPU.Build.0 = Debug|Any CPU
		{14B98C15-B7AD-42CB-9933-B24A0DF12DFF}.Release|Any CPU.ActiveCfg = Release|Any CPU
		{14B98C15-B7AD-42CB-9933-B24A0DF12DFF}.Release|Any CPU.Build.0 = Release|Any CPU
		{54C92596-B9B6-414A-BBFA-440913710BB4}.Debug|Any CPU.ActiveCfg = Debug|Any CPU
		{54C92596-B9B6-414A-BBFA-440913710BB4}.Debug|Any CPU.Build.0 = Debug|Any CPU
		{54C92596-B9B6-414A-BBFA-440913710BB4}.Release|Any CPU.ActiveCfg = Release|Any CPU
		{54C92596-B9B6-414A-BBFA-440913710BB4}.Release|Any CPU.Build.0 = Release|Any CPU
		{E8A9A7BA-8FA8-4C29-869E-A707C708E480}.Debug|Any CPU.ActiveCfg = Debug|Any CPU
		{E8A9A7BA-8FA8-4C29-869E-A707C708E480}.Debug|Any CPU.Build.0 = Debug|Any CPU
		{E8A9A7BA-8FA8-4C29-869E-A707C708E480}.Release|Any CPU.ActiveCfg = Release|Any CPU
		{E8A9A7BA-8FA8-4C29-869E-A707C708E480}.Release|Any CPU.Build.0 = Release|Any CPU
		{7087F5F2-5BE1-44D1-B2C5-759A1D4C13E6}.Debug|Any CPU.ActiveCfg = Debug|Any CPU
		{7087F5F2-5BE1-44D1-B2C5-759A1D4C13E6}.Debug|Any CPU.Build.0 = Debug|Any CPU
		{7087F5F2-5BE1-44D1-B2C5-759A1D4C13E6}.Release|Any CPU.ActiveCfg = Release|Any CPU
		{7087F5F2-5BE1-44D1-B2C5-759A1D4C13E6}.Release|Any CPU.Build.0 = Release|Any CPU
		{76FDAF25-6775-4B73-8518-36B5CD97AA36}.Debug|Any CPU.ActiveCfg = Debug|Any CPU
		{76FDAF25-6775-4B73-8518-36B5CD97AA36}.Debug|Any CPU.Build.0 = Debug|Any CPU
		{76FDAF25-6775-4B73-8518-36B5CD97AA36}.Release|Any CPU.ActiveCfg = Release|Any CPU
		{76FDAF25-6775-4B73-8518-36B5CD97AA36}.Release|Any CPU.Build.0 = Release|Any CPU
		{7EF17224-DC9B-474D-B52F-41DD727B7912}.Debug|Any CPU.ActiveCfg = Debug|Any CPU
		{7EF17224-DC9B-474D-B52F-41DD727B7912}.Debug|Any CPU.Build.0 = Debug|Any CPU
		{7EF17224-DC9B-474D-B52F-41DD727B7912}.Release|Any CPU.ActiveCfg = Release|Any CPU
		{7EF17224-DC9B-474D-B52F-41DD727B7912}.Release|Any CPU.Build.0 = Release|Any CPU
		{EA310B12-9204-483F-905E-74B5DE277D1E}.Debug|Any CPU.ActiveCfg = Debug|Any CPU
		{EA310B12-9204-483F-905E-74B5DE277D1E}.Debug|Any CPU.Build.0 = Debug|Any CPU
		{EA310B12-9204-483F-905E-74B5DE277D1E}.Release|Any CPU.ActiveCfg = Release|Any CPU
		{EA310B12-9204-483F-905E-74B5DE277D1E}.Release|Any CPU.Build.0 = Release|Any CPU
	EndGlobalSection
	GlobalSection(SolutionProperties) = preSolution
		HideSolutionNode = FALSE
	EndGlobalSection
	GlobalSection(NestedProjects) = preSolution
		{D77DB2BF-20DE-4523-A853-0E8D06FC31D7} = {2A47625C-61FC-4581-A42A-E943E531909F}
		{FF7FD8C8-02E1-4A65-BB44-2B3CCFED0848} = {2A47625C-61FC-4581-A42A-E943E531909F}
		{2A47625C-61FC-4581-A42A-E943E531909F} = {2C32E9E0-38F6-423C-AF85-1E2924E2C807}
		{A89A9ABC-8D4C-4909-A6BB-0080BCB64F40} = {2A47625C-61FC-4581-A42A-E943E531909F}
		{5C096F4C-4948-4288-ACCD-9BAD841216EA} = {2A47625C-61FC-4581-A42A-E943E531909F}
		{6FDDE66F-FAF5-449C-B3E0-E0865EE7ECC7} = {2C32E9E0-38F6-423C-AF85-1E2924E2C807}
		{F34B7F9A-4E32-4ED7-9480-0BC4930AAE51} = {2A47625C-61FC-4581-A42A-E943E531909F}
		{881E725C-36ED-4C3B-B4C7-B6C12D1381B3} = {AF8F2CD0-482E-439E-BA26-16B05875C5EB}
		{EAEC297C-BACD-4BA7-84A0-0882BA87918D} = {AF8F2CD0-482E-439E-BA26-16B05875C5EB}
		{6A7EA62F-776C-40EF-85FC-FEA5393CFE4A} = {AF8F2CD0-482E-439E-BA26-16B05875C5EB}
		{AF8F2CD0-482E-439E-BA26-16B05875C5EB} = {40B3EDCA-FDA8-4C5E-8C94-2AA5C14CD5FC}
		{2F6F0C59-67A4-41B6-9E5B-0FBA4E0F6C28} = {40B3EDCA-FDA8-4C5E-8C94-2AA5C14CD5FC}
		{A915C0E6-2A34-473C-A0E9-81362DEAE09E} = {2F6F0C59-67A4-41B6-9E5B-0FBA4E0F6C28}
		{72B7B958-B205-4871-B942-A114D69F0F0A} = {2A47625C-61FC-4581-A42A-E943E531909F}
		{6C69C246-209D-4CF6-BF57-0095AF5A56AB} = {2C32E9E0-38F6-423C-AF85-1E2924E2C807}
		{14B98C15-B7AD-42CB-9933-B24A0DF12DFF} = {6C69C246-209D-4CF6-BF57-0095AF5A56AB}
		{E8A9A7BA-8FA8-4C29-869E-A707C708E480} = {6C69C246-209D-4CF6-BF57-0095AF5A56AB}
		{7087F5F2-5BE1-44D1-B2C5-759A1D4C13E6} = {6C69C246-209D-4CF6-BF57-0095AF5A56AB}
		{76FDAF25-6775-4B73-8518-36B5CD97AA36} = {6C69C246-209D-4CF6-BF57-0095AF5A56AB}
		{7EF17224-DC9B-474D-B52F-41DD727B7912} = {6C69C246-209D-4CF6-BF57-0095AF5A56AB}
		{EA310B12-9204-483F-905E-74B5DE277D1E} = {6FDDE66F-FAF5-449C-B3E0-E0865EE7ECC7}
	EndGlobalSection
EndGlobal
